
Microsoft Visual Studio Solution File, Format Version 12.00
# Visual Studio Version 17
VisualStudioVersion = 17.8.34408.163
MinimumVisualStudioVersion = 10.0.40219.1
Project("{FAE04EC0-301F-11D3-BF4B-00C04F79EFBC}") = "AvaloniaGUI", "AvaloniaGUI.csproj", "{626011C4-2E18-4DB3-BAE0-3DD45B1F199C}"
EndProject
Global
	GlobalSection(SolutionConfigurationPlatforms) = preSolution
		Debug|Any CPU = Debug|Any CPU
		Release|Any CPU = Release|Any CPU
	EndGlobalSection
	GlobalSection(ProjectConfigurationPlatforms) = postSolution
		{626011C4-2E18-4DB3-BAE0-3DD45B1F199C}.Debug|Any CPU.ActiveCfg = Debug|Any CPU
		{626011C4-2E18-4DB3-BAE0-3DD45B1F199C}.Debug|Any CPU.Build.0 = Debug|Any CPU
		{626011C4-2E18-4DB3-BAE0-3DD45B1F199C}.Release|Any CPU.ActiveCfg = Release|Any CPU
		{626011C4-2E18-4DB3-BAE0-3DD45B1F199C}.Release|Any CPU.Build.0 = Release|Any CPU
	EndGlobalSection
	GlobalSection(SolutionProperties) = preSolution
		HideSolutionNode = FALSE
	EndGlobalSection
	GlobalSection(ExtensibilityGlobals) = postSolution
		SolutionGuid = {2D841AF4-D31E-483B-B2E7-C15CCCF6AAFA}
	EndGlobalSection
EndGlobal
